{
  "name": "terabithia",
  "lockfileVersion": 3,
  "requires": true,
  "packages": {
    "": {
      "name": "terabithia",
      "workspaces": [
        "packages/*"
      ]
    },
    "node_modules/@terabithia/shared-types": {
      "resolved": "packages/shared-types",
      "link": true
    },
    "packages/shared-types": {
      "name": "@terabithia/shared-types",
      "version": "1.0.0"
    }
  }
}
